PODS:
  - Alamofire (4.9.1)
  - cp (0.1.0):
    - Alamofire (~> 4.4)
    - ObjectMapper (~> 3.5)
    - PromiseKit (= 4.0)
    - SwiftyJSON
  - ObjectMapper (3.5.3)
  - PromiseKit (4.0.0):
    - PromiseKit/Foundation (= 4.0.0)
    - PromiseKit/QuartzCore (= 4.0.0)
    - PromiseKit/UIKit (= 4.0.0)
  - PromiseKit/CorePromise (4.0.0)
  - PromiseKit/Foundation (4.0.0):
    - PromiseKit/CorePromise
  - PromiseKit/QuartzCore (4.0.0):
    - PromiseKit/CorePromise
  - PromiseKit/UIKit (4.0.0):
    - PromiseKit/CorePromise
  - SwiftyJSON (5.0.1)

DEPENDENCIES:
  - cp (from `../`)

SPEC REPOS:
  trunk:
    - Alamofire
    - ObjectMapper
    - PromiseKit
    - SwiftyJSON

EXTERNAL SOURCES:
  cp:
    :path: "../"

SPEC CHECKSUMS:
  Alamofire: 85e8a02c69d6020a0d734f6054870d7ecb75cf18
  cp: 43b729417ff00138abf5a77e629c03097dafd3fa
  ObjectMapper: 97111c97e054a6ee25917662106689f0b4127b37
  PromiseKit: 97edc7fb2fb7d2c68c8e09d1f79b3ab7bcb6b06a
  SwiftyJSON: 2f33a42c6fbc52764d96f13368585094bfd8aa5e

PODFILE CHECKSUM: 41e8ff65f605fdeecf324a1b2349eed326e6d743

COCOAPODS: 1.11.3
